
Microsoft Visual Studio Solution File, Format Version 12.00
# Visual Studio 14
VisualStudioVersion = 14.0.25420.1
MinimumVisualStudioVersion = 10.0.40219.1
Project("{FAE04EC0-301F-11D3-BF4B-00C04F79EFBC}") = "WebMVCWithDB.Tests", "WebMVCWithDB.Tests\WebMVCWithDB.Tests.csproj", "{94C15389-EB5F-4993-A20C-86F586E20D28}"
EndProject
Project("{FAE04EC0-301F-11D3-BF4B-00C04F79EFBC}") = "WebMVCWithDB.DAL", "WebMVCWithDB.DAL\WebMVCWithDB.DAL.csproj", "{BC14D67A-4964-4DFB-8A14-07FD00FEC5A2}"
EndProject
Project("{FAE04EC0-301F-11D3-BF4B-00C04F79EFBC}") = "WebMVCWithDB.WEB", "WebMVCWithDB.WEB\WebMVCWithDB.WEB.csproj", "{480B3504-F9D4-46A1-92FD-2A7DAEF4D4E3}"
EndProject
Global
	GlobalSection(SolutionConfigurationPlatforms) = preSolution
		Debug|Any CPU = Debug|Any CPU
		Release|Any CPU = Release|Any CPU
	EndGlobalSection
	GlobalSection(ProjectConfigurationPlatforms) = postSolution
		{94C15389-EB5F-4993-A20C-86F586E20D28}.Debug|Any CPU.ActiveCfg = Debug|Any CPU
		{94C15389-EB5F-4993-A20C-86F586E20D28}.Debug|Any CPU.Build.0 = Debug|Any CPU
		{94C15389-EB5F-4993-A20C-86F586E20D28}.Release|Any CPU.ActiveCfg = Release|Any CPU
		{94C15389-EB5F-4993-A20C-86F586E20D28}.Release|Any CPU.Build.0 = Release|Any CPU
		{BC14D67A-4964-4DFB-8A14-07FD00FEC5A2}.Debug|Any CPU.ActiveCfg = Debug|Any CPU
		{BC14D67A-4964-4DFB-8A14-07FD00FEC5A2}.Debug|Any CPU.Build.0 = Debug|Any CPU
		{BC14D67A-4964-4DFB-8A14-07FD00FEC5A2}.Release|Any CPU.ActiveCfg = Release|Any CPU
		{BC14D67A-4964-4DFB-8A14-07FD00FEC5A2}.Release|Any CPU.Build.0 = Release|Any CPU
		{480B3504-F9D4-46A1-92FD-2A7DAEF4D4E3}.Debug|Any CPU.ActiveCfg = Debug|Any CPU
		{480B3504-F9D4-46A1-92FD-2A7DAEF4D4E3}.Debug|Any CPU.Build.0 = Debug|Any CPU
		{480B3504-F9D4-46A1-92FD-2A7DAEF4D4E3}.Release|Any CPU.ActiveCfg = Release|Any CPU
		{480B3504-F9D4-46A1-92FD-2A7DAEF4D4E3}.Release|Any CPU.Build.0 = Release|Any CPU
	EndGlobalSection
	GlobalSection(SolutionProperties) = preSolution
		HideSolutionNode = FALSE
	EndGlobalSection
EndGlobal
